// !$*UTF8*$!
{
	archiveVersion = 1;
	classes = {
	};
	objectVersion = 56;
	objects = {

/* Begin PBXBuildFile section */
		AFAA0FCA2D05DEBE00E1D38D /* AppDelegate.swift in Sources */ = {isa = PBXBuildFile; fileRef = AFAA0FC92D05DEBE00E1D38D /* AppDelegate.swift */; };
		AFAA0FCC2D05DEBE00E1D38D /* SceneDelegate.swift in Sources */ = {isa = PBXBuildFile; fileRef = AFAA0FCB2D05DEBE00E1D38D /* SceneDelegate.swift */; };
		AFAA0FD32D05DEBF00E1D38D /* Assets.xcassets in Resources */ = {isa = PBXBuildFile; fileRef = AFAA0FD22D05DEBF00E1D38D /* Assets.xcassets */; };
		AFAA0FD62D05DEBF00E1D38D /* LaunchScreen.storyboard in Resources */ = {isa = PBXBuildFile; fileRef = AFAA0FD42D05DEBF00E1D38D /* LaunchScreen.storyboard */; };
		AFAA0FE12D05E45600E1D38D /* StockModel.swift in Sources */ = {isa = PBXBuildFile; fileRef = AFAA0FE02D05E45600E1D38D /* StockModel.swift */; };
		AFAA0FE32D05F65000E1D38D /* View.swift in Sources */ = {isa = PBXBuildFile; fileRef = AFAA0FE22D05F65000E1D38D /* View.swift */; };
		AFAA0FE52D05F77400E1D38D /* Presenter.swift in Sources */ = {isa = PBXBuildFile; fileRef = AFAA0FE42D05F77300E1D38D /* Presenter.swift */; };
		AFAA0FE82D05FD3E00E1D38D /* StocksList.swift in Sources */ = {isa = PBXBuildFile; fileRef = AFAA0FE72D05FD3E00E1D38D /* StocksList.swift */; };
		AFEA4D902D09F8E100AF3F11 /* StocksListCustomCell.swift in Sources */ = {isa = PBXBuildFile; fileRef = AFEA4D8F2D09F8E100AF3F11 /* StocksListCustomCell.swift */; };
		AFEA4D972D09F9A200AF3F11 /* DataManager.swift in Sources */ = {isa = PBXBuildFile; fileRef = AFEA4D962D09F9A200AF3F11 /* DataManager.swift */; };
/* End PBXBuildFile section */

/* Begin PBXFileReference section */
		AFAA0FC62D05DEBE00E1D38D /* StocksApp.app */ = {isa = PBXFileReference; explicitFileType = wrapper.application; includeInIndex = 0; path = StocksApp.app; sourceTree = BUILT_PRODUCTS_DIR; };
		AFAA0FC92D05DEBE00E1D38D /* AppDelegate.swift */ = {isa = PBXFileReference; lastKnownFileType = sourcecode.swift; path = AppDelegate.swift; sourceTree = "<group>"; };
		AFAA0FCB2D05DEBE00E1D38D /* SceneDelegate.swift */ = {isa = PBXFileReference; lastKnownFileType = sourcecode.swift; path = SceneDelegate.swift; sourceTree = "<group>"; };
		AFAA0FD22D05DEBF00E1D38D /* Assets.xcassets */ = {isa = PBXFileReference; lastKnownFileType = folder.assetcatalog; path = Assets.xcassets; sourceTree = "<group>"; };
		AFAA0FD52D05DEBF00E1D38D /* Base */ = {isa = PBXFileReference; lastKnownFileType = file.storyboard; name = Base; path = Base.lproj/LaunchScreen.storyboard; sourceTree = "<group>"; };
		AFAA0FD72D05DEBF00E1D38D /* Info.plist */ = {isa = PBXFileReference; lastKnownFileType = text.plist.xml; path = Info.plist; sourceTree = "<group>"; };
		AFAA0FE02D05E45600E1D38D /* StockModel.swift */ = {isa = PBXFileReference; lastKnownFileType = sourcecode.swift; path = StockModel.swift; sourceTree = "<group>"; };
		AFAA0FE22D05F65000E1D38D /* View.swift */ = {isa = PBXFileReference; lastKnownFileType = sourcecode.swift; path = View.swift; sourceTree = "<group>"; };
		AFAA0FE42D05F77300E1D38D /* Presenter.swift */ = {isa = PBXFileReference; lastKnownFileType = sourcecode.swift; path = Presenter.swift; sourceTree = "<group>"; };
		AFAA0FE72D05FD3E00E1D38D /* StocksList.swift */ = {isa = PBXFileReference; lastKnownFileType = sourcecode.swift; path = StocksList.swift; sourceTree = "<group>"; };
		AFEA4D8F2D09F8E100AF3F11 /* StocksListCustomCell.swift */ = {isa = PBXFileReference; lastKnownFileType = sourcecode.swift; path = StocksListCustomCell.swift; sourceTree = "<group>"; };
		AFEA4D962D09F9A200AF3F11 /* DataManager.swift */ = {isa = PBXFileReference; lastKnownFileType = sourcecode.swift; path = DataManager.swift; sourceTree = "<group>"; };
/* End PBXFileReference section */

/* Begin PBXFrameworksBuildPhase section */
		AFAA0FC32D05DEBE00E1D38D /* Frameworks */ = {
			isa = PBXFrameworksBuildPhase;
			buildActionMask = 2147483647;
			files = (
			);
			runOnlyForDeploymentPostprocessing = 0;
		};
/* End PBXFrameworksBuildPhase section */

/* Begin PBXGroup section */
		AFAA0FBD2D05DEBE00E1D38D = {
			isa = PBXGroup;
			children = (
				AFAA0FC82D05DEBE00E1D38D /* StocksApp */,
				AFAA0FC72D05DEBE00E1D38D /* Products */,
			);
			sourceTree = "<group>";
		};
		AFAA0FC72D05DEBE00E1D38D /* Products */ = {
			isa = PBXGroup;
			children = (
				AFAA0FC62D05DEBE00E1D38D /* StocksApp.app */,
			);
			name = Products;
			sourceTree = "<group>";
		};
		AFAA0FC82D05DEBE00E1D38D /* StocksApp */ = {
			isa = PBXGroup;
			children = (
				AFEA4D952D09F99800AF3F11 /* DataManager */,
				AFAA0FDF2D05DFB000E1D38D /* Presenter */,
				AFAA0FDE2D05DFA900E1D38D /* View */,
				AFAA0FDD2D05DFA300E1D38D /* Model */,
				AFAA0FC92D05DEBE00E1D38D /* AppDelegate.swift */,
				AFAA0FCB2D05DEBE00E1D38D /* SceneDelegate.swift */,
				AFAA0FD22D05DEBF00E1D38D /* Assets.xcassets */,
				AFAA0FD42D05DEBF00E1D38D /* LaunchScreen.storyboard */,
				AFAA0FD72D05DEBF00E1D38D /* Info.plist */,
			);
			path = StocksApp;
			sourceTree = "<group>";
		};
		AFAA0FDD2D05DFA300E1D38D /* Model */ = {
			isa = PBXGroup;
			children = (
				AFAA0FE02D05E45600E1D38D /* StockModel.swift */,
			);
			path = Model;
			sourceTree = "<group>";
		};
		AFAA0FDE2D05DFA900E1D38D /* View */ = {
			isa = PBXGroup;
			children = (
				AFAA0FE62D05FD2E00E1D38D /* TableView */,
				AFAA0FE22D05F65000E1D38D /* View.swift */,
			);
			path = View;
			sourceTree = "<group>";
		};
		AFAA0FDF2D05DFB000E1D38D /* Presenter */ = {
			isa = PBXGroup;
			children = (
				AFAA0FE42D05F77300E1D38D /* Presenter.swift */,
			);
			path = Presenter;
			sourceTree = "<group>";
		};
		AFAA0FE62D05FD2E00E1D38D /* TableView */ = {
			isa = PBXGroup;
			children = (
				AFAA0FE72D05FD3E00E1D38D /* StocksList.swift */,
				AFEA4D8F2D09F8E100AF3F11 /* StocksListCustomCell.swift */,
			);
			path = TableView;
			sourceTree = "<group>";
		};
		AFEA4D952D09F99800AF3F11 /* DataManager */ = {
			isa = PBXGroup;
			children = (
				AFEA4D962D09F9A200AF3F11 /* DataManager.swift */,
			);
			path = DataManager;
			sourceTree = "<group>";
		};
/* End PBXGroup section */

/* Begin PBXNativeTarget section */
		AFAA0FC52D05DEBE00E1D38D /* StocksApp */ = {
			isa = PBXNativeTarget;
			buildConfigurationList = AFAA0FDA2D05DEBF00E1D38D /* Build configuration list for PBXNativeTarget "StocksApp" */;
			buildPhases = (
				AFAA0FC22D05DEBE00E1D38D /* Sources */,
				AFAA0FC32D05DEBE00E1D38D /* Frameworks */,
				AFAA0FC42D05DEBE00E1D38D /* Resources */,
			);
			buildRules = (
			);
			dependencies = (
			);
			name = StocksApp;
			productName = StocksApp;
			productReference = AFAA0FC62D05DEBE00E1D38D /* StocksApp.app */;
			productType = "com.apple.product-type.application";
		};
/* End PBXNativeTarget section */

/* Begin PBXProject section */
		AFAA0FBE2D05DEBE00E1D38D /* Project object */ = {
			isa = PBXProject;
			attributes = {
				BuildIndependentTargetsInParallel = 1;
				LastSwiftUpdateCheck = 1420;
				LastUpgradeCheck = 1420;
				TargetAttributes = {
					AFAA0FC52D05DEBE00E1D38D = {
						CreatedOnToolsVersion = 14.2;
					};
				};
			};
			buildConfigurationList = AFAA0FC12D05DEBE00E1D38D /* Build configuration list for PBXProject "StocksApp" */;
			compatibilityVersion = "Xcode 14.0";
			developmentRegion = en;
			hasScannedForEncodings = 0;
			knownRegions = (
				en,
				Base,
			);
			mainGroup = AFAA0FBD2D05DEBE00E1D38D;
			productRefGroup = AFAA0FC72D05DEBE00E1D38D /* Products */;
			projectDirPath = "";
			projectRoot = "";
			targets = (
				AFAA0FC52D05DEBE00E1D38D /* StocksApp */,
			);
		};
/* End PBXProject section */

/* Begin PBXResourcesBuildPhase section */
		AFAA0FC42D05DEBE00E1D38D /* Resources */ = {
			isa = PBXResourcesBuildPhase;
			buildActionMask = 2147483647;
			files = (
				AFAA0FD62D05DEBF00E1D38D /* LaunchScreen.storyboard in Resources */,
				AFAA0FD32D05DEBF00E1D38D /* Assets.xcassets in Resources */,
			);
			runOnlyForDeploymentPostprocessing = 0;
		};
/* End PBXResourcesBuildPhase section */

/* Begin PBXSourcesBuildPhase section */
		AFAA0FC22D05DEBE00E1D38D /* Sources */ = {
			isa = PBXSourcesBuildPhase;
			buildActionMask = 2147483647;
			files = (
				AFAA0FE12D05E45600E1D38D /* StockModel.swift in Sources */,
				AFEA4D972D09F9A200AF3F11 /* DataManager.swift in Sources */,
				AFAA0FE32D05F65000E1D38D /* View.swift in Sources */,
				AFAA0FCA2D05DEBE00E1D38D /* AppDelegate.swift in Sources */,
				AFAA0FCC2D05DEBE00E1D38D /* SceneDelegate.swift in Sources */,
				AFAA0FE82D05FD3E00E1D38D /* StocksList.swift in Sources */,
				AFEA4D902D09F8E100AF3F11 /* StocksListCustomCell.swift in Sources */,
				AFAA0FE52D05F77400E1D38D /* Presenter.swift in Sources */,
			);
			runOnlyForDeploymentPostprocessing = 0;
		};
/* End PBXSourcesBuildPhase section */

/* Begin PBXVariantGroup section */
		AFAA0FD42D05DEBF00E1D38D /* LaunchScreen.storyboard */ = {
			isa = PBXVariantGroup;
			children = (
				AFAA0FD52D05DEBF00E1D38D /* Base */,
			);
			name = LaunchScreen.storyboard;
			sourceTree = "<group>";
		};
/* End PBXVariantGroup section */

/* Begin XCBuildConfiguration section */
		AFAA0FD82D05DEBF00E1D38D /* Debug */ = {
			isa = XCBuildConfiguration;
			buildSettings = {
				ALWAYS_SEARCH_USER_PATHS = NO;
				CLANG_ANALYZER_NONNULL = YES;
				CLANG_ANALYZER_NUMBER_OBJECT_CONVERSION = YES_AGGRESSIVE;
				CLANG_CXX_LANGUAGE_STANDARD = "gnu++20";
				CLANG_ENABLE_MODULES = YES;
				CLANG_ENABLE_OBJC_ARC = YES;
				CLANG_ENABLE_OBJC_WEAK = YES;
				CLANG_WARN_BLOCK_CAPTURE_AUTORELEASING = YES;
				CLANG_WARN_BOOL_CONVERSION = YES;
				CLANG_WARN_COMMA = YES;
				CLANG_WARN_CONSTANT_CONVERSION = YES;
				CLANG_WARN_DEPRECATED_OBJC_IMPLEMENTATIONS = YES;
				CLANG_WARN_DIRECT_OBJC_ISA_USAGE = YES_ERROR;
				CLANG_WARN_DOCUMENTATION_COMMENTS = YES;
				CLANG_WARN_EMPTY_BODY = YES;
				CLANG_WARN_ENUM_CONVERSION = YES;
				CLANG_WARN_INFINITE_RECURSION = YES;
				CLANG_WARN_INT_CONVERSION = YES;
				CLANG_WARN_NON_LITERAL_NULL_CONVERSION = YES;
				CLANG_WARN_OBJC_IMPLICIT_RETAIN_SELF = YES;
				CLANG_WARN_OBJC_LITERAL_CONVERSION = YES;
				CLANG_WARN_OBJC_ROOT_CLASS = YES_ERROR;
				CLANG_WARN_QUOTED_INCLUDE_IN_FRAMEWORK_HEADER = YES;
				CLANG_WARN_RANGE_LOOP_ANALYSIS = YES;
				CLANG_WARN_STRICT_PROTOTYPES = YES;
				CLANG_WARN_SUSPICIOUS_MOVE = YES;
				CLANG_WARN_UNGUARDED_AVAILABILITY = YES_AGGRESSIVE;
				CLANG_WARN_UNREACHABLE_CODE = YES;
				CLANG_WARN__DUPLICATE_METHOD_MATCH = YES;
				COPY_PHASE_STRIP = NO;
				DEBUG_INFORMATION_FORMAT = dwarf;
				ENABLE_STRICT_OBJC_MSGSEND = YES;
				ENABLE_TESTABILITY = YES;
				GCC_C_LANGUAGE_STANDARD = gnu11;
				GCC_DYNAMIC_NO_PIC = NO;
				GCC_NO_COMMON_BLOCKS = YES;
				GCC_OPTIMIZATION_LEVEL = 0;
				GCC_PREPROCESSOR_DEFINITIONS = (
					"DEBUG=1",
					"$(inherited)",
				);
				GCC_WARN_64_TO_32_BIT_CONVERSION = YES;
				GCC_WARN_ABOUT_RETURN_TYPE = YES_ERROR;
				GCC_WARN_UNDECLARED_SELECTOR = YES;
				GCC_WARN_UNINITIALIZED_AUTOS = YES_AGGRESSIVE;
				GCC_WARN_UNUSED_FUNCTION = YES;
				GCC_WARN_UNUSED_VARIABLE = YES;
				IPHONEOS_DEPLOYMENT_TARGET = 16.2;
				MTL_ENABLE_DEBUG_INFO = INCLUDE_SOURCE;
				MTL_FAST_MATH = YES;
				ONLY_ACTIVE_ARCH = YES;
				SDKROOT = iphoneos;
				SWIFT_ACTIVE_COMPILATION_CONDITIONS = DEBUG;
				SWIFT_OPTIMIZATION_LEVEL = "-Onone";
			};
			name = Debug;
		};
		AFAA0FD92D05DEBF00E1D38D /* Release */ = {
			isa = XCBuildConfiguration;
			buildSettings = {
				ALWAYS_SEARCH_USER_PATHS = NO;
				CLANG_ANALYZER_NONNULL = YES;
				CLANG_ANALYZER_NUMBER_OBJECT_CONVERSION = YES_AGGRESSIVE;
				CLANG_CXX_LANGUAGE_STANDARD = "gnu++20";
				CLANG_ENABLE_MODULES = YES;
				CLANG_ENABLE_OBJC_ARC = YES;
				CLANG_ENABLE_OBJC_WEAK = YES;
				CLANG_WARN_BLOCK_CAPTURE_AUTORELEASING = YES;
				CLANG_WARN_BOOL_CONVERSION = YES;
				CLANG_WARN_COMMA = YES;
				CLANG_WARN_CONSTANT_CONVERSION = YES;
				CLANG_WARN_DEPRECATED_OBJC_IMPLEMENTATIONS = YES;
				CLANG_WARN_DIRECT_OBJC_ISA_USAGE = YES_ERROR;
				CLANG_WARN_DOCUMENTATION_COMMENTS = YES;
				CLANG_WARN_EMPTY_BODY = YES;
				CLANG_WARN_ENUM_CONVERSION = YES;
				CLANG_WARN_INFINITE_RECURSION = YES;
				CLANG_WARN_INT_CONVERSION = YES;
				CLANG_WARN_NON_LITERAL_NULL_CONVERSION = YES;
				CLANG_WARN_OBJC_IMPLICIT_RETAIN_SELF = YES;
				CLANG_WARN_OBJC_LITERAL_CONVERSION = YES;
				CLANG_WARN_OBJC_ROOT_CLASS = YES_ERROR;
				CLANG_WARN_QUOTED_INCLUDE_IN_FRAMEWORK_HEADER = YES;
				CLANG_WARN_RANGE_LOOP_ANALYSIS = YES;
				CLANG_WARN_STRICT_PROTOTYPES = YES;
				CLANG_WARN_SUSPICIOUS_MOVE = YES;
				CLANG_WARN_UNGUARDED_AVAILABILITY = YES_AGGRESSIVE;
				CLANG_WARN_UNREACHABLE_CODE = YES;
				CLANG_WARN__DUPLICATE_METHOD_MATCH = YES;
				COPY_PHASE_STRIP = NO;
				DEBUG_INFORMATION_FORMAT = "dwarf-with-dsym";
				ENABLE_NS_ASSERTIONS = NO;
				ENABLE_STRICT_OBJC_MSGSEND = YES;
				GCC_C_LANGUAGE_STANDARD = gnu11;
				GCC_NO_COMMON_BLOCKS = YES;
				GCC_WARN_64_TO_32_BIT_CONVERSION = YES;
				GCC_WARN_ABOUT_RETURN_TYPE = YES_ERROR;
				GCC_WARN_UNDECLARED_SELECTOR = YES;
				GCC_WARN_UNINITIALIZED_AUTOS = YES_AGGRESSIVE;
				GCC_WARN_UNUSED_FUNCTION = YES;
				GCC_WARN_UNUSED_VARIABLE = YES;
				IPHONEOS_DEPLOYMENT_TARGET = 16.2;
				MTL_ENABLE_DEBUG_INFO = NO;
				MTL_FAST_MATH = YES;
				SDKROOT = iphoneos;
				SWIFT_COMPILATION_MODE = wholemodule;
				SWIFT_OPTIMIZATION_LEVEL = "-O";
				VALIDATE_PRODUCT = YES;
			};
			name = Release;
		};
		AFAA0FDB2D05DEBF00E1D38D /* Debug */ = {
			isa = XCBuildConfiguration;
			buildSettings = {
				ASSETCATALOG_COMPILER_APPICON_NAME = AppIcon;
				ASSETCATALOG_COMPILER_GLOBAL_ACCENT_COLOR_NAME = AccentColor;
				CODE_SIGN_STYLE = Automatic;
				CURRENT_PROJECT_VERSION = 1;
				GENERATE_INFOPLIST_FILE = YES;
				INFOPLIST_FILE = StocksApp/Info.plist;
				INFOPLIST_KEY_UIApplicationSupportsIndirectInputEvents = YES;
				INFOPLIST_KEY_UILaunchStoryboardName = LaunchScreen;
				INFOPLIST_KEY_UISupportedInterfaceOrientations_iPad = "UIInterfaceOrientationPortrait UIInterfaceOrientationPortraitUpsideDown UIInterfaceOrientationLandscapeLeft UIInterfaceOrientationLandscapeRight";
				INFOPLIST_KEY_UISupportedInterfaceOrientations_iPhone = "UIInterfaceOrientationPortrait UIInterfaceOrientationLandscapeLeft UIInterfaceOrientationLandscapeRight";
				LD_RUNPATH_SEARCH_PATHS = (
					"$(inherited)",
					"@executable_path/Frameworks",
				);
				MARKETING_VERSION = 1.0;
				PRODUCT_BUNDLE_IDENTIFIER = com.alexandr.StocksApp;
				PRODUCT_NAME = "$(TARGET_NAME)";
				SWIFT_EMIT_LOC_STRINGS = YES;
				SWIFT_VERSION = 5.0;
				TARGETED_DEVICE_FAMILY = "1,2";
			};
			name = Debug;
		};
		AFAA0FDC2D05DEBF00E1D38D /* Release */ = {
			isa = XCBuildConfiguration;
			buildSettings = {
				ASSETCATALOG_COMPILER_APPICON_NAME = AppIcon;
				ASSETCATALOG_COMPILER_GLOBAL_ACCENT_COLOR_NAME = AccentColor;
				CODE_SIGN_STYLE = Automatic;
				CURRENT_PROJECT_VERSION = 1;
				GENERATE_INFOPLIST_FILE = YES;
				INFOPLIST_FILE = StocksApp/Info.plist;
				INFOPLIST_KEY_UIApplicationSupportsIndirectInputEvents = YES;
				INFOPLIST_KEY_UILaunchStoryboardName = LaunchScreen;
				INFOPLIST_KEY_UISupportedInterfaceOrientations_iPad = "UIInterfaceOrientationPortrait UIInterfaceOrientationPortraitUpsideDown UIInterfaceOrientationLandscapeLeft UIInterfaceOrientationLandscapeRight";
				INFOPLIST_KEY_UISupportedInterfaceOrientations_iPhone = "UIInterfaceOrientationPortrait UIInterfaceOrientationLandscapeLeft UIInterfaceOrientationLandscapeRight";
				LD_RUNPATH_SEARCH_PATHS = (
					"$(inherited)",
					"@executable_path/Frameworks",
				);
				MARKETING_VERSION = 1.0;
				PRODUCT_BUNDLE_IDENTIFIER = com.alexandr.StocksApp;
				PRODUCT_NAME = "$(TARGET_NAME)";
				SWIFT_EMIT_LOC_STRINGS = YES;
				SWIFT_VERSION = 5.0;
				TARGETED_DEVICE_FAMILY = "1,2";
			};
			name = Release;
		};
/* End XCBuildConfiguration section */

/* Begin XCConfigurationList section */
		AFAA0FC12D05DEBE00E1D38D /* Build configuration list for PBXProject "StocksApp" */ = {
			isa = XCConfigurationList;
			buildConfigurations = (
				AFAA0FD82D05DEBF00E1D38D /* Debug */,
				AFAA0FD92D05DEBF00E1D38D /* Release */,
			);
			defaultConfigurationIsVisible = 0;
			defaultConfigurationName = Release;
		};
		AFAA0FDA2D05DEBF00E1D38D /* Build configuration list for PBXNativeTarget "StocksApp" */ = {
			isa = XCConfigurationList;
			buildConfigurations = (
				AFAA0FDB2D05DEBF00E1D38D /* Debug */,
				AFAA0FDC2D05DEBF00E1D38D /* Release */,
			);
			defaultConfigurationIsVisible = 0;
			defaultConfigurationName = Release;
		};
/* End XCConfigurationList section */
	};
	rootObject = AFAA0FBE2D05DEBE00E1D38D /* Project object */;
}
